
Microsoft Visual Studio Solution File, Format Version 12.00
# Visual Studio Version 17
VisualStudioVersion = 17.10.35013.160
MinimumVisualStudioVersion = 10.0.40219.1
Project("{FAE04EC0-301F-11D3-BF4B-00C04F79EFBC}") = "StudentsData", "StudentsData\StudentsData.csproj", "{4718A5B9-6A1A-48EA-8649-F35A1C4AF8E4}"
EndProject
Global
	GlobalSection(SolutionConfigurationPlatforms) = preSolution
		Debug|Any CPU = Debug|Any CPU
		Release|Any CPU = Release|Any CPU
	EndGlobalSection
	GlobalSection(ProjectConfigurationPlatforms) = postSolution
		{4718A5B9-6A1A-48EA-8649-F35A1C4AF8E4}.Debug|Any CPU.ActiveCfg = Debug|Any CPU
		{4718A5B9-6A1A-48EA-8649-F35A1C4AF8E4}.Debug|Any CPU.Build.0 = Debug|Any CPU
		{4718A5B9-6A1A-48EA-8649-F35A1C4AF8E4}.Release|Any CPU.ActiveCfg = Release|Any CPU
		{4718A5B9-6A1A-48EA-8649-F35A1C4AF8E4}.Release|Any CPU.Build.0 = Release|Any CPU
	EndGlobalSection
	GlobalSection(SolutionProperties) = preSolution
		HideSolutionNode = FALSE
	EndGlobalSection
	GlobalSection(ExtensibilityGlobals) = postSolution
		SolutionGuid = {5D901FE2-CD6F-48DC-90A3-78649D094A7D}
	EndGlobalSection
EndGlobal
